[[package]]
name = "aiohttp"
version = "3.8.1"
description = "Async http client/server framework (asyncio)"
category = "main"
optional = false
python-versions = ">=3.6"

[package.dependencies]
aiosignal = ">=1.1.2"
async-timeout = ">=4.0.0a3,<5.0"
attrs = ">=17.3.0"
charset-normalizer = ">=2.0,<3.0"
frozenlist = ">=1.1.1"
multidict = ">=4.5,<7.0"
yarl = ">=1.0,<2.0"

[package.extras]
speedups = ["aiodns", "brotli", "cchardet"]

[[package]]
name = "aiosignal"
version = "1.2.0"
description = "aiosignal: a list of registered asynchronous callbacks"
category = "main"
optional = false
python-versions = ">=3.6"

[package.dependencies]
frozenlist = ">=1.1.0"

[[package]]
name = "anyio"
version = "3.6.1"
description = "High level compatibility layer for multiple asynchronous event loop implementations"
category = "main"
optional = false
python-versions = ">=3.6.2"

[package.dependencies]
idna = ">=2.8"
sniffio = ">=1.1"

[package.extras]
doc = ["packaging", "sphinx-rtd-theme", "sphinx-autodoc-typehints (>=1.2.0)"]
test = ["coverage[toml] (>=4.5)", "hypothesis (>=4.0)", "pytest (>=7.0)", "pytest-mock (>=3.6.1)", "trustme", "contextlib2", "uvloop (<0.15)", "mock (>=4)", "uvloop (>=0.15)"]
trio = ["trio (>=0.16)"]

[[package]]
name = "async-timeout"
version = "4.0.2"
description = "Timeout context manager for asyncio programs"
category = "main"
optional = false
python-versions = ">=3.6"

[[package]]
name = "attrs"
version = "21.4.0"
description = "Classes Without Boilerplate"
category = "main"
optional = false
python-versions = ">=2.7, !=3.0.*, !=3.1.*, !=3.2.*, !=3.3.*, !=3.4.*"

[package.extras]
dev = ["coverage[toml] (>=5.0.2)", "hypothesis", "pympler", "pytest (>=4.3.0)", "six", "mypy", "pytest-mypy-plugins", "zope.interface", "furo", "sphinx", "sphinx-notfound-page", "pre-commit", "cloudpickle"]
docs = ["furo", "sphinx", "zope.interface", "sphinx-notfound-page"]
tests = ["coverage[toml] (>=5.0.2)", "hypothesis", "pympler", "pytest (>=4.3.0)", "six", "mypy", "pytest-mypy-plugins", "zope.interface", "cloudpickle"]
tests_no_zope = ["coverage[toml] (>=5.0.2)", "hypothesis", "pympler", "pytest (>=4.3.0)", "six", "mypy", "pytest-mypy-plugins", "cloudpickle"]

[[package]]
name = "bilireq"
version = "0.2.0.post1"
description = ""
category = "main"
optional = false
python-versions = ">=3.7,<4.0"

[package.dependencies]
grpcio = ">=1.46.3,<2.0.0"
httpx = ">=0.23.0,<0.24.0"
protobuf = "3.20.1"
rsa = ">=4.8,<5.0"

[package.extras]
qrcode = ["qrcode[pil] (>=7.3.1,<8.0.0)"]

[[package]]
name = "black"
version = "22.6.0"
description = "The uncompromising code formatter."
category = "dev"
optional = false
python-versions = ">=3.6.2"

[package.dependencies]
click = ">=8.0.0"
mypy-extensions = ">=0.4.3"
pathspec = ">=0.9.0"
platformdirs = ">=2"
tomli = {version = ">=1.1.0", markers = "python_full_version < \"3.11.0a7\""}
typing-extensions = {version = ">=3.10.0.0", markers = "python_version < \"3.10\""}

[package.extras]
colorama = ["colorama (>=0.4.3)"]
d = ["aiohttp (>=3.7.4)"]
jupyter = ["ipython (>=7.8.0)", "tokenize-rt (>=3.2.0)"]
uvloop = ["uvloop (>=0.15.2)"]

[[package]]
name = "certifi"
version = "2022.6.15"
description = "Python package for providing Mozilla's CA Bundle."
category = "main"
optional = false
python-versions = ">=3.6"

[[package]]
name = "charset-normalizer"
version = "2.1.0"
description = "The Real First Universal Charset Detector. Open, modern and actively maintained alternative to Chardet."
category = "main"
optional = false
python-versions = ">=3.6.0"

[package.extras]
unicode_backport = ["unicodedata2"]

[[package]]
name = "click"
version = "8.1.3"
description = "Composable command line interface toolkit"
category = "dev"
optional = false
python-versions = ">=3.7"

[package.dependencies]
colorama = {version = "*", markers = "platform_system == \"Windows\""}

[[package]]
name = "colorama"
version = "0.4.5"
description = "Cross-platform colored terminal text."
category = "main"
optional = false
python-versions = ">=2.7, !=3.0.*, !=3.1.*, !=3.2.*, !=3.3.*, !=3.4.*"

[[package]]
name = "creart"
version = "0.2.1"
description = "a universal, extensible class instantiation helper"
category = "main"
optional = false
python-versions = ">=3.8"

[[package]]
name = "creart-graia"
version = "0.1.5"
description = ""
category = "main"
optional = false
python-versions = ">=3.8"

[package.dependencies]
creart = ">=0.1.0"

[[package]]
name = "croniter"
version = "1.3.5"
description = "croniter provides iteration for datetime object with cron like format"
category = "main"
optional = false
python-versions = ">=2.6, !=3.0.*, !=3.1.*, !=3.2.*, !=3.3.*"

[package.dependencies]
python-dateutil = "*"

[[package]]
name = "flake8"
version = "4.0.1"
description = "the modular source code checker: pep8 pyflakes and co"
category = "dev"
optional = false
python-versions = ">=3.6"

[package.dependencies]
mccabe = ">=0.6.0,<0.7.0"
pycodestyle = ">=2.8.0,<2.9.0"
pyflakes = ">=2.4.0,<2.5.0"

[[package]]
name = "frozenlist"
version = "1.3.0"
description = "A list-like structure which implements collections.abc.MutableSequence"
category = "main"
optional = false
python-versions = ">=3.7"

[[package]]
name = "graia-amnesia"
version = "0.5.4"
description = "a collection of shared components for graia"
category = "main"
optional = false
python-versions = ">=3.8,<4.0"

[package.dependencies]
launart = ">=0.3.3"
loguru = ">=0.6.0,<1.0.0"
statv = ">=0.2.2"
yarl = ">=1.7.2,<2.0.0"

[package.extras]
aiohttp = ["aiohttp (>=3.8.1,<4.0.0)"]
colorful = ["richuru (>=0.1.0,<1.0.0)"]
orjson = ["orjson (>=3.6.7,<4.0.0)"]
starlette = ["starlette (>=0.19.0,<1.0.0)"]
ujson = ["ujson (>=5.2.0,<6.0.0)"]
uvicorn = ["uvicorn (>=0.17.6,<1.0.0)"]

[[package]]
name = "graia-ariadne"
version = "0.8.1"
description = "Another elegant Python QQ Bot framework for mirai and mirai-api-http v2."
category = "main"
optional = false
python-versions = ">=3.8,<4.0"

[package.dependencies]
aiohttp = ">=3.7,<4.0"
creart-graia = ">=0.1.4,<1.0.0"
graia-amnesia = ">=0.5.2,<0.6.0"
graia-broadcast = ">=0.18,<1.0"
graia-saya = {version = ">=0.0,<1.0", optional = true, markers = "extra == \"graia\""}
graia-scheduler = {version = ">=0.0,<1.0", optional = true, markers = "extra == \"graia\""}
launart = ">=0.6.0,<1.0.0"
pydantic = ">=1.8,<2.0"
typing-extensions = ">=4.0,<5.0"

[package.extras]
standard = ["graia-saya (>=0.0,<1.0)", "graia-scheduler (>=0.0,<1.0)", "richuru (>=0.1,<1.0)"]
graia = ["graia-saya (>=0.0,<1.0)", "graia-scheduler (>=0.0,<1.0)"]
full = ["arclet-alconna-graia", "graia-saya (>=0.0,<1.0)", "graia-scheduler (>=0.0,<1.0)", "richuru (>=0.1,<1.0)"]
fastapi = ["uvicorn[standard] (>=0.17.5,<1.0.0)", "fastapi (>=0.74.1,<1.0.0)"]
alconna = ["arclet-alconna-graia"]

[[package]]
name = "graia-broadcast"
version = "0.18.2"
description = "a highly customizable, elegantly designed event system based on asyncio"
category = "main"
optional = false
python-versions = ">=3.7,<4.0"

[[package]]
name = "graia-saya"
version = "0.0.16"
description = ""
category = "main"
optional = false
python-versions = ">=3.7,<4.0"

[package.dependencies]
graia-broadcast = ">=0.12.1"
loguru = ">=0.5.3,<0.7"

[[package]]
name = "graia-scheduler"
version = "0.0.8"
description = "a scheduler for graia framework"
category = "main"
optional = false
python-versions = ">=3.7,<4.0"

[package.dependencies]
croniter = ">=1.0.0,<2.0.0"
graia-broadcast = ">=0.12.1"

[[package]]
name = "greenlet"
version = "1.1.2"
description = "Lightweight in-process concurrent programming"
category = "main"
optional = false
python-versions = ">=2.7,!=3.0.*,!=3.1.*,!=3.2.*,!=3.3.*,!=3.4.*"

[package.extras]
docs = ["sphinx"]

[[package]]
name = "grpcio"
version = "1.47.0"
description = "HTTP/2-based RPC framework"
category = "main"
optional = false
python-versions = ">=3.6"

[package.dependencies]
six = ">=1.5.2"

[package.extras]
protobuf = ["grpcio-tools (>=1.47.0)"]

[[package]]
name = "h11"
version = "0.12.0"
description = "A pure-Python, bring-your-own-I/O implementation of HTTP/1.1"
category = "main"
optional = false
python-versions = ">=3.6"

[[package]]
name = "httpcore"
version = "0.15.0"
description = "A minimal low-level HTTP client."
category = "main"
optional = false
python-versions = ">=3.7"

[package.dependencies]
anyio = ">=3.0.0,<4.0.0"
certifi = "*"
h11 = ">=0.11,<0.13"
sniffio = ">=1.0.0,<2.0.0"

[package.extras]
http2 = ["h2 (>=3,<5)"]
socks = ["socksio (>=1.0.0,<2.0.0)"]

[[package]]
name = "httpx"
version = "0.23.0"
description = "The next generation HTTP client."
category = "main"
optional = false
python-versions = ">=3.7"

[package.dependencies]
certifi = "*"
httpcore = ">=0.15.0,<0.16.0"
rfc3986 = {version = ">=1.3,<2", extras = ["idna2008"]}
sniffio = "*"

[package.extras]
brotli = ["brotlicffi", "brotli"]
cli = ["click (>=8.0.0,<9.0.0)", "rich (>=10,<13)", "pygments (>=2.0.0,<3.0.0)"]
http2 = ["h2 (>=3,<5)"]
socks = ["socksio (>=1.0.0,<2.0.0)"]

[[package]]
name = "idna"
version = "3.3"
description = "Internationalized Domain Names in Applications (IDNA)"
category = "main"
optional = false
python-versions = ">=3.5"

[[package]]
name = "launart"
version = "0.6.0"
description = "Component lifetime manager for runtime."
category = "main"
optional = false
python-versions = ">=3.8"

[package.dependencies]
loguru = ">=0.6.0"
statv = ">=0.2.2"

[package.extras]
saya = ["graia-saya (>=0.0.16)"]

[[package]]
name = "loguru"
version = "0.6.0"
description = "Python logging made (stupidly) simple"
category = "main"
optional = false
python-versions = ">=3.5"

[package.dependencies]
colorama = {version = ">=0.3.4", markers = "sys_platform == \"win32\""}
win32-setctime = {version = ">=1.0.0", markers = "sys_platform == \"win32\""}

[package.extras]
dev = ["sphinx-rtd-theme (>=0.4.3)", "sphinx-autobuild (>=0.7.1)", "Sphinx (>=4.1.1)", "isort (>=5.1.1)", "black (>=19.10b0)", "pytest-cov (>=2.7.1)", "pytest (>=4.6.2)", "tox (>=3.9.0)", "flake8 (>=3.7.7)", "docutils (==0.16)", "colorama (>=0.3.4)"]

[[package]]
name = "mccabe"
version = "0.6.1"
description = "McCabe checker, plugin for flake8"
category = "dev"
optional = false
python-versions = "*"

[[package]]
name = "multidict"
version = "6.0.2"
description = "multidict implementation"
category = "main"
optional = false
python-versions = ">=3.7"

[[package]]
name = "mypy-extensions"
version = "0.4.3"
description = "Experimental type system extensions for programs checked with the mypy typechecker."
category = "dev"
optional = false
python-versions = "*"

[[package]]
name = "pathspec"
version = "0.9.0"
description = "Utility library for gitignore style pattern matching of file paths."
category = "dev"
optional = false
python-versions = "!=3.0.*,!=3.1.*,!=3.2.*,!=3.3.*,!=3.4.*,>=2.7"

[[package]]
name = "peewee"
version = "3.15.1"
description = "a little orm"
category = "main"
optional = false
python-versions = "*"

[[package]]
name = "pillow"
version = "9.2.0"
description = "Python Imaging Library (Fork)"
category = "main"
optional = false
python-versions = ">=3.7"

[package.extras]
docs = ["furo", "olefile", "sphinx (>=2.4)", "sphinx-copybutton", "sphinx-issues (>=3.0.1)", "sphinx-removed-in", "sphinxext-opengraph"]
tests = ["check-manifest", "coverage", "defusedxml", "markdown2", "olefile", "packaging", "pyroma", "pytest", "pytest-cov", "pytest-timeout"]

[[package]]
name = "platformdirs"
version = "2.5.2"
description = "A small Python module for determining appropriate platform-specific dirs, e.g. a \"user data dir\"."
category = "dev"
optional = false
python-versions = ">=3.7"

[package.extras]
docs = ["furo (>=2021.7.5b38)", "proselint (>=0.10.2)", "sphinx-autodoc-typehints (>=1.12)", "sphinx (>=4)"]
test = ["appdirs (==1.4.4)", "pytest-cov (>=2.7)", "pytest-mock (>=3.6)", "pytest (>=6)"]

[[package]]
name = "playwright"
version = "1.24.0"
description = "A high-level API to automate web browsers"
category = "main"
optional = false
python-versions = ">=3.7"

[package.dependencies]
greenlet = "1.1.2"
pyee = "8.1.0"
websockets = "10.1"

[[package]]
name = "prompt-toolkit"
version = "3.0.26"
description = "Library for building powerful interactive command lines in Python"
category = "main"
optional = false
python-versions = ">=3.6.2"

[package.dependencies]
wcwidth = "*"

[[package]]
name = "protobuf"
version = "3.20.1"
description = "Protocol Buffers"
category = "main"
optional = false
python-versions = ">=3.7"

[[package]]
name = "pyasn1"
version = "0.4.8"
description = "ASN.1 types and codecs"
category = "main"
optional = false
python-versions = "*"

[[package]]
name = "pycodestyle"
version = "2.8.0"
description = "Python style guide checker"
category = "dev"
optional = false
python-versions = ">=2.7, !=3.0.*, !=3.1.*, !=3.2.*, !=3.3.*, !=3.4.*"

[[package]]
name = "pycryptodome"
version = "3.15.0"
description = "Cryptographic library for Python"
category = "main"
optional = false
python-versions = ">=2.7, !=3.0.*, !=3.1.*, !=3.2.*, !=3.3.*, !=3.4.*"

[[package]]
name = "pydantic"
version = "1.9.1"
description = "Data validation and settings management using python type hints"
category = "main"
optional = false
python-versions = ">=3.6.1"

[package.dependencies]
typing-extensions = ">=3.7.4.3"

[package.extras]
dotenv = ["python-dotenv (>=0.10.4)"]
email = ["email-validator (>=1.0.3)"]

[[package]]
name = "pyee"
version = "8.1.0"
description = "A port of node.js's EventEmitter to python."
category = "main"
optional = false
python-versions = "*"

[[package]]
name = "pyflakes"
version = "2.4.0"
description = "passive checker of Python programs"
category = "dev"
optional = false
python-versions = ">=2.7, !=3.0.*, !=3.1.*, !=3.2.*, !=3.3.*"

[[package]]
name = "python-dateutil"
version = "2.8.2"
description = "Extensions to the standard Python datetime module"
category = "main"
optional = false
python-versions = "!=3.0.*,!=3.1.*,!=3.2.*,>=2.7"

[package.dependencies]
six = ">=1.5"

[[package]]
name = "pyyaml"
version = "6.0"
description = "YAML parser and emitter for Python"
category = "main"
optional = false
python-versions = ">=3.6"

[[package]]
name = "qrcode"
version = "7.3.1"
description = "QR Code image generator"
category = "main"
optional = false
python-versions = ">=3.6"

[package.dependencies]
colorama = {version = "*", markers = "platform_system == \"Windows\""}

[package.extras]
all = ["zest.releaser", "tox", "pytest", "pytest", "pytest-cov", "pillow"]
dev = ["tox", "pytest"]
maintainer = ["zest.releaser"]
pil = ["pillow"]
test = ["pytest", "pytest-cov"]

[[package]]
name = "rfc3986"
version = "1.5.0"
description = "Validating URI References per RFC 3986"
category = "main"
optional = false
python-versions = "*"

[package.dependencies]
idna = {version = "*", optional = true, markers = "extra == \"idna2008\""}

[package.extras]
idna2008 = ["idna"]

[[package]]
name = "rsa"
version = "4.9"
description = "Pure-Python RSA implementation"
category = "main"
optional = false
python-versions = ">=3.6,<4"

[package.dependencies]
pyasn1 = ">=0.1.3"

[[package]]
name = "six"
version = "1.16.0"
description = "Python 2 and 3 compatibility utilities"
category = "main"
optional = false
python-versions = ">=2.7, !=3.0.*, !=3.1.*, !=3.2.*"

[[package]]
name = "sniffio"
version = "1.2.0"
description = "Sniff out which async library your code is running under"
category = "main"
optional = false
python-versions = ">=3.5"

[[package]]
name = "statv"
version = "0.2.2"
description = "a uniform status implementation for graia project"
category = "main"
optional = false
python-versions = ">=3.8"

[[package]]
name = "tomli"
version = "2.0.1"
description = "A lil' TOML parser"
category = "dev"
optional = false
python-versions = ">=3.7"

[[package]]
name = "typing-extensions"
version = "4.3.0"
description = "Backported and Experimental Type Hints for Python 3.7+"
category = "main"
optional = false
python-versions = ">=3.7"

[[package]]
name = "wcwidth"
version = "0.2.5"
description = "Measures the displayed width of unicode strings in a terminal"
category = "main"
optional = false
python-versions = "*"

[[package]]
name = "websockets"
version = "10.1"
description = "An implementation of the WebSocket Protocol (RFC 6455 & 7692)"
category = "main"
optional = false
python-versions = ">=3.7"

[[package]]
name = "win32-setctime"
version = "1.1.0"
description = "A small Python utility to set file creation time on Windows"
category = "main"
optional = false
python-versions = ">=3.5"

[package.extras]
dev = ["black (>=19.3b0)", "pytest (>=4.6.2)"]

[[package]]
name = "yarl"
version = "1.7.2"
description = "Yet another URL library"
category = "main"
optional = false
python-versions = ">=3.6"

[package.dependencies]
idna = ">=2.0"
multidict = ">=4.0"

[metadata]
lock-version = "1.1"
python-versions = "^3.9"
content-hash = "e28aa5e0e031e482d5727d0d64247bac610512f0315267aee48c356d88f9a93e"

[metadata.files]
aiohttp = []
aiosignal = []
anyio = []
async-timeout = []
attrs = []
bilireq = []
black = []
certifi = []
charset-normalizer = []
click = []
colorama = [
    {file = "colorama-0.4.5-py2.py3-none-any.whl", hash = "sha256:854bf444933e37f5824ae7bfc1e98d5bce2ebe4160d46b5edf346a89358e99da"},
    {file = "colorama-0.4.5.tar.gz", hash = "sha256:e6c6b4334fc50988a639d9b98aa429a0b57da6e17b9a44f0451f930b6967b7a4"},
]
creart = []
creart-graia = []
croniter = []
flake8 = []
frozenlist = []
graia-amnesia = [
    {file = "graia-amnesia-0.5.4.tar.gz", hash = "sha256:e4515f72b3e16bd958b48271d5d89a2994bd891ca74fa0266cad9dc5e6a45dbb"},
    {file = "graia_amnesia-0.5.4-py3-none-any.whl", hash = "sha256:8fe6e3c4d21bdde326e7569a99bfb5818dfbf0d79fa4da7a66ba29a84989297f"},
]
graia-ariadne = [
    {file = "graia-ariadne-0.8.1.tar.gz", hash = "sha256:71d7c62d31ef0c968f3936c7e619be3a0198098f3b6be503fb397d5f33d37b77"},
    {file = "graia_ariadne-0.8.1-py3-none-any.whl", hash = "sha256:1edea12a0a6e87e9154cde6a5c933abe601bd07c98b94ff73c69e130386e37db"},
]
graia-broadcast = [
    {file = "graia-broadcast-0.18.2.tar.gz", hash = "sha256:07b0285d417021c795c3c4f4f12713311fcdec10d63f8e7a8ed7964e2f1b7a5a"},
    {file = "graia_broadcast-0.18.2-py3-none-any.whl", hash = "sha256:dcb712dc5be29419c4b65dc649c4e7c795c834fb810682f6131b313d6bd3e740"},
]
graia-saya = [
    {file = "graia-saya-0.0.16.tar.gz", hash = "sha256:4150d288a6a852b3d275715ded5e1de9031b4aa63ed98b5ba4232e1a0908ea11"},
    {file = "graia_saya-0.0.16-py3-none-any.whl", hash = "sha256:21748a48a5d55d58d946cb8d4339360c2774caea21139f8952799e61819638e4"},
]
graia-scheduler = [
    {file = "graia-scheduler-0.0.8.tar.gz", hash = "sha256:b26731e8f83f413e3dda435b5b46d49e78f6bae4b902596c9c51adc9f93b5a18"},
    {file = "graia_scheduler-0.0.8-py3-none-any.whl", hash = "sha256:73515cc46a71e7e9c5b48825b20df3fa8d97f5708637d6cf29e51b152294c0fa"},
]
greenlet = []
grpcio = [
    {file = "grpcio-1.47.0-cp310-cp310-linux_armv7l.whl", hash = "sha256:544da3458d1d249bb8aed5504adf3e194a931e212017934bf7bfa774dad37fb3"},
    {file = "grpcio-1.47.0-cp310-cp310-macosx_10_10_x86_64.whl", hash = "sha256:b88bec3f94a16411a1e0336eb69f335f58229e45d4082b12d8e554cedea97586"},
    {file = "grpcio-1.47.0-cp310-cp310-manylinux_2_17_aarch64.whl", hash = "sha256:06c0739dff9e723bca28ec22301f3711d85c2e652d1c8ae938aa0f7ad632ef9a"},
    {file = "grpcio-1.47.0-cp310-cp310-manylinux_2_17_i686.manylinux2014_i686.whl", hash = "sha256:f4508e8abd67ebcccd0fbde6e2b1917ba5d153f3f20c1de385abd8722545e05f"},
    {file = "grpcio-1.47.0-cp310-cp310-manylinux_2_17_x86_64.manylinux2014_x86_64.whl", hash = "sha256:e9723784cf264697024778dcf4b7542c851fe14b14681d6268fb984a53f76df1"},
    {file = "grpcio-1.47.0-cp310-cp310-musllinux_1_1_i686.whl", hash = "sha256:1bb9afa85e797a646bfcd785309e869e80a375c959b11a17c9680abebacc0cb0"},
    {file = "grpcio-1.47.0-cp310-cp310-musllinux_1_1_x86_64.whl", hash = "sha256:4d9ad7122f60157454f74a850d1337ba135146cef6fb7956d78c7194d52db0fe"},
    {file = "grpcio-1.47.0-cp310-cp310-win32.whl", hash = "sha256:0425b5577be202d0a4024536bbccb1b052c47e0766096e6c3a5789ddfd5f400d"},
    {file = "grpcio-1.47.0-cp310-cp310-win_amd64.whl", hash = "sha256:d0d481ff55ea6cc49dab2c8276597bd4f1a84a8745fedb4bc23e12e9fb9d0e45"},
    {file = "grpcio-1.47.0-cp36-cp36m-linux_armv7l.whl", hash = "sha256:5f57b9b61c22537623a5577bf5f2f970dc4e50fac5391090114c6eb3ab5a129f"},
    {file = "grpcio-1.47.0-cp36-cp36m-macosx_10_10_x86_64.whl", hash = "sha256:14d2bc74218986e5edf5527e870b0969d63601911994ebf0dce96288548cf0ef"},
    {file = "grpcio-1.47.0-cp36-cp36m-manylinux_2_17_aarch64.whl", hash = "sha256:c79996ae64dc4d8730782dff0d1daacc8ce7d4c2ba9cef83b6f469f73c0655ce"},
    {file = "grpcio-1.47.0-cp36-cp36m-manylinux_2_17_i686.manylinux2014_i686.whl", hash = "sha256:0a24b50810aae90c74bbd901c3f175b9645802d2fbf03eadaf418ddee4c26668"},
    {file = "grpcio-1.47.0-cp36-cp36m-manylinux_2_17_x86_64.manylinux2014_x86_64.whl", hash = "sha256:55782a31ec539f15b34ee56f19131fe1430f38a4be022eb30c85e0b0dcf57f11"},
    {file = "grpcio-1.47.0-cp36-cp36m-musllinux_1_1_i686.whl", hash = "sha256:35dfd981b03a3ec842671d1694fe437ee9f7b9e6a02792157a2793b0eba4f478"},
    {file = "grpcio-1.47.0-cp36-cp36m-musllinux_1_1_x86_64.whl", hash = "sha256:664a270d3eac68183ad049665b0f4d0262ec387d5c08c0108dbcfe5b351a8b4d"},
    {file = "grpcio-1.47.0-cp36-cp36m-win32.whl", hash = "sha256:9298d6f2a81f132f72a7e79cbc90a511fffacc75045c2b10050bb87b86c8353d"},
    {file = "grpcio-1.47.0-cp36-cp36m-win_amd64.whl", hash = "sha256:815089435d0f113719eabf105832e4c4fa1726b39ae3fb2ca7861752b0f70570"},
    {file = "grpcio-1.47.0-cp37-cp37m-linux_armv7l.whl", hash = "sha256:7191ffc8bcf8a630c547287ab103e1fdf72b2e0c119e634d8a36055c1d988ad0"},
    {file = "grpcio-1.47.0-cp37-cp37m-macosx_10_10_x86_64.whl", hash = "sha256:1ec63bbd09586e5cda1bdc832ae6975d2526d04433a764a1cc866caa399e50d4"},
    {file = "grpcio-1.47.0-cp37-cp37m-manylinux_2_17_aarch64.whl", hash = "sha256:08307dc5a6ac4da03146d6c00f62319e0665b01c6ffe805cfcaa955c17253f9c"},
    {file = "grpcio-1.47.0-cp37-cp37m-manylinux_2_17_i686.manylinux2014_i686.whl", hash = "sha256:668350ea02af018ca945bd629754d47126b366d981ab88e0369b53bc781ffb14"},
    {file = "grpcio-1.47.0-cp37-cp37m-manylinux_2_17_x86_64.manylinux2014_x86_64.whl", hash = "sha256:64e097dd08bb408afeeaee9a56f75311c9ca5b27b8b0278279dc8eef85fa1051"},
    {file = "grpcio-1.47.0-cp37-cp37m-musllinux_1_1_i686.whl", hash = "sha256:0d8a7f3eb6f290189f48223a5f4464c99619a9de34200ce80d5092fb268323d2"},
    {file = "grpcio-1.47.0-cp37-cp37m-musllinux_1_1_x86_64.whl", hash = "sha256:f89de64d9eb3478b188859214752db50c91a749479011abd99e248550371375f"},
    {file = "grpcio-1.47.0-cp37-cp37m-win32.whl", hash = "sha256:67cd275a651532d28620eef677b97164a5438c5afcfd44b15e8992afa9eb598c"},
    {file = "grpcio-1.47.0-cp37-cp37m-win_amd64.whl", hash = "sha256:f515782b168a4ec6ea241add845ccfebe187fc7b09adf892b3ad9e2592c60af1"},
    {file = "grpcio-1.47.0-cp38-cp38-linux_armv7l.whl", hash = "sha256:91cd292373e85a52c897fa5b4768c895e20a7dc3423449c64f0f96388dd1812e"},
    {file = "grpcio-1.47.0-cp38-cp38-macosx_10_10_x86_64.whl", hash = "sha256:a278d02272214ec33f046864a24b5f5aab7f60f855de38c525e5b4ef61ec5b48"},
    {file = "grpcio-1.47.0-cp38-cp38-manylinux_2_17_aarch64.whl", hash = "sha256:bfdb8af4801d1c31a18d54b37f4e49bb268d1f485ecf47f70e78d56e04ff37a7"},
    {file = "grpcio-1.47.0-cp38-cp38-manylinux_2_17_i686.manylinux2014_i686.whl", hash = "sha256:9e63e0619a5627edb7a5eb3e9568b9f97e604856ba228cc1d8a9f83ce3d0466e"},
    {file = "grpcio-1.47.0-cp38-cp38-manylinux_2_17_x86_64.manylinux2014_x86_64.whl", hash = "sha256:cc34d182c4fd64b6ff8304a606b95e814e4f8ed4b245b6d6cc9607690e3ef201"},
    {file = "grpcio-1.47.0-cp38-cp38-musllinux_1_1_i686.whl", hash = "sha256:a6b2432ac2353c80a56d9015dfc5c4af60245c719628d4193ecd75ddf9cd248c"},
    {file = "grpcio-1.47.0-cp38-cp38-musllinux_1_1_x86_64.whl", hash = "sha256:fcd5d932842df503eb0bf60f9cc35e6fe732b51f499e78b45234e0be41b0018d"},
    {file = "grpcio-1.47.0-cp38-cp38-win32.whl", hash = "sha256:43857d06b2473b640467467f8f553319b5e819e54be14c86324dad83a0547818"},
    {file = "grpcio-1.47.0-cp38-cp38-win_amd64.whl", hash = "sha256:96cff5a2081db82fb710db6a19dd8f904bdebb927727aaf4d9c427984b79a4c1"},
    {file = "grpcio-1.47.0-cp39-cp39-linux_armv7l.whl", hash = "sha256:68b5e47fcca8481f36ef444842801928e60e30a5b3852c9f4a95f2582d10dcb2"},
    {file = "grpcio-1.47.0-cp39-cp39-macosx_10_10_x86_64.whl", hash = "sha256:0cd44d78f302ff67f11a8c49b786c7ccbed2cfef6f4fd7bb0c3dc9255415f8f7"},
    {file = "grpcio-1.47.0-cp39-cp39-manylinux_2_17_aarch64.whl", hash = "sha256:4706c78b0c183dca815bbb4ef3e8dd2136ccc8d1699f62c585e75e211ad388f6"},
    {file = "grpcio-1.47.0-cp39-cp39-manylinux_2_17_i686.manylinux2014_i686.whl", hash = "sha256:324e363bad4d89a8ec7124013371f268d43afd0ac0fdeec1b21c1a101eb7dafb"},
    {file = "grpcio-1.47.0-cp39-cp39-manylinux_2_17_x86_64.manylinux2014_x86_64.whl", hash = "sha256:b821403907e865e8377af3eee62f0cb233ea2369ba0fcdce9505ca5bfaf4eeb3"},
    {file = "grpcio-1.47.0-cp39-cp39-musllinux_1_1_i686.whl", hash = "sha256:2061dbe41e43b0a5e1fd423e8a7fb3a0cf11d69ce22d0fac21f1a8c704640b12"},
    {file = "grpcio-1.47.0-cp39-cp39-musllinux_1_1_x86_64.whl", hash = "sha256:8dbef03853a0dbe457417c5469cb0f9d5bf47401b49d50c7dad3c495663b699b"},
    {file = "grpcio-1.47.0-cp39-cp39-win32.whl", hash = "sha256:090dfa19f41efcbe760ae59b34da4304d4be9a59960c9682b7eab7e0b6748a79"},
    {file = "grpcio-1.47.0-cp39-cp39-win_amd64.whl", hash = "sha256:55cd8b13c5ef22003889f599b8f2930836c6f71cd7cf3fc0196633813dc4f928"},
    {file = "grpcio-1.47.0.tar.gz", hash = "sha256:5dbba95fab9b35957b4977b8904fc1fa56b302f9051eff4d7716ebb0c087f801"},
]
h11 = []
httpcore = []
httpx = []
idna = []
launart = [
    {file = "launart-0.6.0-py3-none-any.whl", hash = "sha256:21a0db0e7493d67567e8913e2f0e35871aaf36a70a41fcc732cc19b881cad5b5"},
    {file = "launart-0.6.0.tar.gz", hash = "sha256:2452efdb7524740f2e8e59a0de1719d1044f96bed7e16119a8ce8e4b933eb73a"},
]
loguru = []
mccabe = []
multidict = []
mypy-extensions = []
pathspec = []
peewee = [
    {file = "peewee-3.15.1.tar.gz", hash = "sha256:6d5db3babc33819ac326f1550e5a39677f4584094c567a7b88cc6bf7bcdcb687"},
]
pillow = [
    {file = "Pillow-9.2.0-cp310-cp310-macosx_10_10_x86_64.whl", hash = "sha256:a9c9bc489f8ab30906d7a85afac4b4944a572a7432e00698a7239f44a44e6efb"},
    {file = "Pillow-9.2.0-cp310-cp310-macosx_11_0_arm64.whl", hash = "sha256:510cef4a3f401c246cfd8227b300828715dd055463cdca6176c2e4036df8bd4f"},
    {file = "Pillow-9.2.0-cp310-cp310-manylinux_2_17_aarch64.manylinux2014_aarch64.whl", hash = "sha256:7888310f6214f19ab2b6df90f3f06afa3df7ef7355fc025e78a3044737fab1f5"},
    {file = "Pillow-9.2.0-cp310-cp310-manylinux_2_17_i686.manylinux2014_i686.whl", hash = "sha256:831e648102c82f152e14c1a0938689dbb22480c548c8d4b8b248b3e50967b88c"},
    {file = "Pillow-9.2.0-cp310-cp310-manylinux_2_17_x86_64.manylinux2014_x86_64.whl", hash = "sha256:1cc1d2451e8a3b4bfdb9caf745b58e6c7a77d2e469159b0d527a4554d73694d1"},
    {file = "Pillow-9.2.0-cp310-cp310-manylinux_2_28_aarch64.whl", hash = "sha256:136659638f61a251e8ed3b331fc6ccd124590eeff539de57c5f80ef3a9594e58"},
    {file = "Pillow-9.2.0-cp310-cp310-manylinux_2_28_x86_64.whl", hash = "sha256:6e8c66f70fb539301e064f6478d7453e820d8a2c631da948a23384865cd95544"},
    {file = "Pillow-9.2.0-cp310-cp310-musllinux_1_1_x86_64.whl", hash = "sha256:37ff6b522a26d0538b753f0b4e8e164fdada12db6c6f00f62145d732d8a3152e"},
    {file = "Pillow-9.2.0-cp310-cp310-win32.whl", hash = "sha256:c79698d4cd9318d9481d89a77e2d3fcaeff5486be641e60a4b49f3d2ecca4e28"},
    {file = "Pillow-9.2.0-cp310-cp310-win_amd64.whl", hash = "sha256:254164c57bab4b459f14c64e93df11eff5ded575192c294a0c49270f22c5d93d"},
    {file = "Pillow-9.2.0-cp311-cp311-macosx_10_10_universal2.whl", hash = "sha256:408673ed75594933714482501fe97e055a42996087eeca7e5d06e33218d05aa8"},
    {file = "Pillow-9.2.0-cp311-cp311-macosx_11_0_universal2.whl", hash = "sha256:727dd1389bc5cb9827cbd1f9d40d2c2a1a0c9b32dd2261db522d22a604a6eec9"},
    {file = "Pillow-9.2.0-cp311-cp311-manylinux_2_17_aarch64.manylinux2014_aarch64.whl", hash = "sha256:50dff9cc21826d2977ef2d2a205504034e3a4563ca6f5db739b0d1026658e004"},
    {file = "Pillow-9.2.0-cp311-cp311-manylinux_2_17_i686.manylinux2014_i686.whl", hash = "sha256:cb6259196a589123d755380b65127ddc60f4c64b21fc3bb46ce3a6ea663659b0"},
    {file = "Pillow-9.2.0-cp311-cp311-manylinux_2_17_x86_64.manylinux2014_x86_64.whl", hash = "sha256:7b0554af24df2bf96618dac71ddada02420f946be943b181108cac55a7a2dcd4"},
    {file = "Pillow-9.2.0-cp311-cp311-manylinux_2_28_aarch64.whl", hash = "sha256:15928f824870535c85dbf949c09d6ae7d3d6ac2d6efec80f3227f73eefba741c"},
    {file = "Pillow-9.2.0-cp311-cp311-manylinux_2_28_x86_64.whl", hash = "sha256:bdd0de2d64688ecae88dd8935012c4a72681e5df632af903a1dca8c5e7aa871a"},
    {file = "Pillow-9.2.0-cp311-cp311-musllinux_1_1_x86_64.whl", hash = "sha256:d5b87da55a08acb586bad5c3aa3b86505f559b84f39035b233d5bf844b0834b1"},
    {file = "Pillow-9.2.0-cp311-cp311-win32.whl", hash = "sha256:b6d5e92df2b77665e07ddb2e4dbd6d644b78e4c0d2e9272a852627cdba0d75cf"},
    {file = "Pillow-9.2.0-cp311-cp311-win_amd64.whl", hash = "sha256:6bf088c1ce160f50ea40764f825ec9b72ed9da25346216b91361eef8ad1b8f8c"},
    {file = "Pillow-9.2.0-cp37-cp37m-macosx_10_10_x86_64.whl", hash = "sha256:2c58b24e3a63efd22554c676d81b0e57f80e0a7d3a5874a7e14ce90ec40d3069"},
    {file = "Pillow-9.2.0-cp37-cp37m-manylinux_2_17_aarch64.manylinux2014_aarch64.whl", hash = "sha256:eef7592281f7c174d3d6cbfbb7ee5984a671fcd77e3fc78e973d492e9bf0eb3f"},
    {file = "Pillow-9.2.0-cp37-cp37m-manylinux_2_17_i686.manylinux2014_i686.whl", hash = "sha256:dcd7b9c7139dc8258d164b55696ecd16c04607f1cc33ba7af86613881ffe4ac8"},
    {file = "Pillow-9.2.0-cp37-cp37m-manylinux_2_17_x86_64.manylinux2014_x86_64.whl", hash = "sha256:a138441e95562b3c078746a22f8fca8ff1c22c014f856278bdbdd89ca36cff1b"},
    {file = "Pillow-9.2.0-cp37-cp37m-manylinux_2_28_aarch64.whl", hash = "sha256:93689632949aff41199090eff5474f3990b6823404e45d66a5d44304e9cdc467"},
    {file = "Pillow-9.2.0-cp37-cp37m-manylinux_2_28_x86_64.whl", hash = "sha256:f3fac744f9b540148fa7715a435d2283b71f68bfb6d4aae24482a890aed18b59"},
    {file = "Pillow-9.2.0-cp37-cp37m-win32.whl", hash = "sha256:fa768eff5f9f958270b081bb33581b4b569faabf8774726b283edb06617101dc"},
    {file = "Pillow-9.2.0-cp37-cp37m-win_amd64.whl", hash = "sha256:69bd1a15d7ba3694631e00df8de65a8cb031911ca11f44929c97fe05eb9b6c1d"},
    {file = "Pillow-9.2.0-cp38-cp38-macosx_10_10_x86_64.whl", hash = "sha256:030e3460861488e249731c3e7ab59b07c7853838ff3b8e16aac9561bb345da14"},
    {file = "Pillow-9.2.0-cp38-cp38-macosx_11_0_arm64.whl", hash = "sha256:74a04183e6e64930b667d321524e3c5361094bb4af9083db5c301db64cd341f3"},
    {file = "Pillow-9.2.0-cp38-cp38-manylinux_2_17_aarch64.manylinux2014_aarch64.whl", hash = "sha256:2d33a11f601213dcd5718109c09a52c2a1c893e7461f0be2d6febc2879ec2402"},
    {file = "Pillow-9.2.0-cp38-cp38-manylinux_2_17_i686.manylinux2014_i686.whl", hash = "sha256:1fd6f5e3c0e4697fa7eb45b6e93996299f3feee73a3175fa451f49a74d092b9f"},
    {file = "Pillow-9.2.0-cp38-cp38-manylinux_2_17_x86_64.manylinux2014_x86_64.whl", hash = "sha256:a647c0d4478b995c5e54615a2e5360ccedd2f85e70ab57fbe817ca613d5e63b8"},
    {file = "Pillow-9.2.0-cp38-cp38-manylinux_2_28_aarch64.whl", hash = "sha256:4134d3f1ba5f15027ff5c04296f13328fecd46921424084516bdb1b2548e66ff"},
    {file = "Pillow-9.2.0-cp38-cp38-manylinux_2_28_x86_64.whl", hash = "sha256:bc431b065722a5ad1dfb4df354fb9333b7a582a5ee39a90e6ffff688d72f27a1"},
    {file = "Pillow-9.2.0-cp38-cp38-musllinux_1_1_x86_64.whl", hash = "sha256:1536ad017a9f789430fb6b8be8bf99d2f214c76502becc196c6f2d9a75b01b76"},
    {file = "Pillow-9.2.0-cp38-cp38-win32.whl", hash = "sha256:2ad0d4df0f5ef2247e27fc790d5c9b5a0af8ade9ba340db4a73bb1a4a3e5fb4f"},
    {file = "Pillow-9.2.0-cp38-cp38-win_amd64.whl", hash = "sha256:ec52c351b35ca269cb1f8069d610fc45c5bd38c3e91f9ab4cbbf0aebc136d9c8"},
    {file = "Pillow-9.2.0-cp39-cp39-macosx_10_10_x86_64.whl", hash = "sha256:0ed2c4ef2451de908c90436d6e8092e13a43992f1860275b4d8082667fbb2ffc"},
    {file = "Pillow-9.2.0-cp39-cp39-macosx_11_0_arm64.whl", hash = "sha256:4ad2f835e0ad81d1689f1b7e3fbac7b01bb8777d5a985c8962bedee0cc6d43da"},
    {file = "Pillow-9.2.0-cp39-cp39-manylinux_2_17_aarch64.manylinux2014_aarch64.whl", hash = "sha256:ea98f633d45f7e815db648fd7ff0f19e328302ac36427343e4432c84432e7ff4"},
    {file = "Pillow-9.2.0-cp39-cp39-manylinux_2_17_i686.manylinux2014_i686.whl", hash = "sha256:7761afe0126d046974a01e030ae7529ed0ca6a196de3ec6937c11df0df1bc91c"},
    {file = "Pillow-9.2.0-cp39-cp39-manylinux_2_17_x86_64.manylinux2014_x86_64.whl", hash = "sha256:9a54614049a18a2d6fe156e68e188da02a046a4a93cf24f373bffd977e943421"},
    {file = "Pillow-9.2.0-cp39-cp39-manylinux_2_28_aarch64.whl", hash = "sha256:5aed7dde98403cd91d86a1115c78d8145c83078e864c1de1064f52e6feb61b20"},
    {file = "Pillow-9.2.0-cp39-cp39-manylinux_2_28_x86_64.whl", hash = "sha256:13b725463f32df1bfeacbf3dd197fb358ae8ebcd8c5548faa75126ea425ccb60"},
    {file = "Pillow-9.2.0-cp39-cp39-musllinux_1_1_x86_64.whl", hash = "sha256:808add66ea764ed97d44dda1ac4f2cfec4c1867d9efb16a33d158be79f32b8a4"},
    {file = "Pillow-9.2.0-cp39-cp39-win32.whl", hash = "sha256:337a74fd2f291c607d220c793a8135273c4c2ab001b03e601c36766005f36885"},
    {file = "Pillow-9.2.0-cp39-cp39-win_amd64.whl", hash = "sha256:fac2d65901fb0fdf20363fbd345c01958a742f2dc62a8dd4495af66e3ff502a4"},
    {file = "Pillow-9.2.0-pp37-pypy37_pp73-macosx_10_10_x86_64.whl", hash = "sha256:ad2277b185ebce47a63f4dc6302e30f05762b688f8dc3de55dbae4651872cdf3"},
    {file = "Pillow-9.2.0-pp37-pypy37_pp73-manylinux_2_17_i686.manylinux2014_i686.whl", hash = "sha256:7c7b502bc34f6e32ba022b4a209638f9e097d7a9098104ae420eb8186217ebbb"},
    {file = "Pillow-9.2.0-pp37-pypy37_pp73-manylinux_2_17_x86_64.manylinux2014_x86_64.whl", hash = "sha256:3d1f14f5f691f55e1b47f824ca4fdcb4b19b4323fe43cc7bb105988cad7496be"},
    {file = "Pillow-9.2.0-pp37-pypy37_pp73-manylinux_2_28_x86_64.whl", hash = "sha256:dfe4c1fedfde4e2fbc009d5ad420647f7730d719786388b7de0999bf32c0d9fd"},
    {file = "Pillow-9.2.0-pp38-pypy38_pp73-macosx_10_10_x86_64.whl", hash = "sha256:f07f1f00e22b231dd3d9b9208692042e29792d6bd4f6639415d2f23158a80013"},
    {file = "Pillow-9.2.0-pp38-pypy38_pp73-manylinux_2_17_i686.manylinux2014_i686.whl", hash = "sha256:1802f34298f5ba11d55e5bb09c31997dc0c6aed919658dfdf0198a2fe75d5490"},
    {file = "Pillow-9.2.0-pp38-pypy38_pp73-manylinux_2_17_x86_64.manylinux2014_x86_64.whl", hash = "sha256:17d4cafe22f050b46d983b71c707162d63d796a1235cdf8b9d7a112e97b15bac"},
    {file = "Pillow-9.2.0-pp38-pypy38_pp73-manylinux_2_28_x86_64.whl", hash = "sha256:96b5e6874431df16aee0c1ba237574cb6dff1dcb173798faa6a9d8b399a05d0e"},
    {file = "Pillow-9.2.0-pp38-pypy38_pp73-win_amd64.whl", hash = "sha256:0030fdbd926fb85844b8b92e2f9449ba89607231d3dd597a21ae72dc7fe26927"},
    {file = "Pillow-9.2.0.tar.gz", hash = "sha256:75e636fd3e0fb872693f23ccb8a5ff2cd578801251f3a4f6854c6a5d437d3c04"},
]
platformdirs = []
playwright = [
    {file = "playwright-1.24.0-py3-none-macosx_10_13_x86_64.whl", hash = "sha256:942c938a8fc8d5daa01cf4e2ca7dfd4cad9216e3e0af88992c083dd324f9210e"},
    {file = "playwright-1.24.0-py3-none-macosx_11_0_arm64.whl", hash = "sha256:fbc74dd91c0c00d282d340b6d08d22010279cbe84052afe0f0854dc1e3a51315"},
    {file = "playwright-1.24.0-py3-none-macosx_11_0_universal2.whl", hash = "sha256:976e59736502e28efe7bddb77fc9f01d3ccad9bf556c82e4208c194eea8c1eeb"},
    {file = "playwright-1.24.0-py3-none-manylinux1_x86_64.whl", hash = "sha256:9caf9680f1791df94d0be2bfc9fcdc793efcb1986564c76f10accac13cc23bd4"},
    {file = "playwright-1.24.0-py3-none-manylinux_2_17_aarch64.manylinux2014_aarch64.whl", hash = "sha256:2060bdf6b3137f45e1cd5e1b7d70081cca82381b09251868aebfc01542e68a2d"},
    {file = "playwright-1.24.0-py3-none-win32.whl", hash = "sha256:f496bb2ddd36698c85ff9ad3183953d0583afa952b35a1c74096e158b4735651"},
    {file = "playwright-1.24.0-py3-none-win_amd64.whl", hash = "sha256:e4b876c05e773fd4d179cf15942bd7ac33fa7a0884d939485ade15695c70bfd4"},
]
prompt-toolkit = []
protobuf = []
pyasn1 = []
pycodestyle = []
pycryptodome = [
    {file = "pycryptodome-3.15.0-cp27-cp27m-macosx_10_9_x86_64.whl", hash = "sha256:ff7ae90e36c1715a54446e7872b76102baa5c63aa980917f4aa45e8c78d1a3ec"},
    {file = "pycryptodome-3.15.0-cp27-cp27m-manylinux1_i686.whl", hash = "sha256:2ffd8b31561455453ca9f62cb4c24e6b8d119d6d531087af5f14b64bee2c23e6"},
    {file = "pycryptodome-3.15.0-cp27-cp27m-manylinux1_x86_64.whl", hash = "sha256:2ea63d46157386c5053cfebcdd9bd8e0c8b7b0ac4a0507a027f5174929403884"},
    {file = "pycryptodome-3.15.0-cp27-cp27m-manylinux2010_i686.whl", hash = "sha256:7c9ed8aa31c146bef65d89a1b655f5f4eab5e1120f55fc297713c89c9e56ff0b"},
    {file = "pycryptodome-3.15.0-cp27-cp27m-manylinux2010_x86_64.whl", hash = "sha256:5099c9ca345b2f252f0c28e96904643153bae9258647585e5e6f649bb7a1844a"},
    {file = "pycryptodome-3.15.0-cp27-cp27m-manylinux2014_aarch64.whl", hash = "sha256:2ec709b0a58b539a4f9d33fb8508264c3678d7edb33a68b8906ba914f71e8c13"},
    {file = "pycryptodome-3.15.0-cp27-cp27m-win32.whl", hash = "sha256:fd2184aae6ee2a944aaa49113e6f5787cdc5e4db1eb8edb1aea914bd75f33a0c"},
    {file = "pycryptodome-3.15.0-cp27-cp27m-win_amd64.whl", hash = "sha256:7e3a8f6ee405b3bd1c4da371b93c31f7027944b2bcce0697022801db93120d83"},
    {file = "pycryptodome-3.15.0-cp27-cp27mu-manylinux1_i686.whl", hash = "sha256:b9c5b1a1977491533dfd31e01550ee36ae0249d78aae7f632590db833a5012b8"},
    {file = "pycryptodome-3.15.0-cp27-cp27mu-manylinux1_x86_64.whl", hash = "sha256:0926f7cc3735033061ef3cf27ed16faad6544b14666410727b31fea85a5b16eb"},
    {file = "pycryptodome-3.15.0-cp27-cp27mu-manylinux2010_i686.whl", hash = "sha256:2aa55aae81f935a08d5a3c2042eb81741a43e044bd8a81ea7239448ad751f763"},
    {file = "pycryptodome-3.15.0-cp27-cp27mu-manylinux2010_x86_64.whl", hash = "sha256:c3640deff4197fa064295aaac10ab49a0d55ef3d6a54ae1499c40d646655c89f"},
    {file = "pycryptodome-3.15.0-cp27-cp27mu-manylinux2014_aarch64.whl", hash = "sha256:045d75527241d17e6ef13636d845a12e54660aa82e823b3b3341bcf5af03fa79"},
    {file = "pycryptodome-3.15.0-cp35-abi3-macosx_10_9_x86_64.whl", hash = "sha256:9ee40e2168f1348ae476676a2e938ca80a2f57b14a249d8fe0d3cdf803e5a676"},
    {file = "pycryptodome-3.15.0-cp35-abi3-manylinux1_i686.whl", hash = "sha256:4c3ccad74eeb7b001f3538643c4225eac398c77d617ebb3e57571a897943c667"},
    {file = "pycryptodome-3.15.0-cp35-abi3-manylinux1_x86_64.whl", hash = "sha256:1b22bcd9ec55e9c74927f6b1f69843cb256fb5a465088ce62837f793d9ffea88"},
    {file = "pycryptodome-3.15.0-cp35-abi3-manylinux2010_i686.whl", hash = "sha256:57f565acd2f0cf6fb3e1ba553d0cb1f33405ec1f9c5ded9b9a0a5320f2c0bd3d"},
    {file = "pycryptodome-3.15.0-cp35-abi3-manylinux2010_x86_64.whl", hash = "sha256:4b52cb18b0ad46087caeb37a15e08040f3b4c2d444d58371b6f5d786d95534c2"},
    {file = "pycryptodome-3.15.0-cp35-abi3-manylinux2014_aarch64.whl", hash = "sha256:092a26e78b73f2530b8bd6b3898e7453ab2f36e42fd85097d705d6aba2ec3e5e"},
    {file = "pycryptodome-3.15.0-cp35-abi3-win32.whl", hash = "sha256:e244ab85c422260de91cda6379e8e986405b4f13dc97d2876497178707f87fc1"},
    {file = "pycryptodome-3.15.0-cp35-abi3-win_amd64.whl", hash = "sha256:c77126899c4b9c9827ddf50565e93955cb3996813c18900c16b2ea0474e130e9"},
    {file = "pycryptodome-3.15.0-pp27-pypy_73-macosx_10_9_x86_64.whl", hash = "sha256:9eaadc058106344a566dc51d3d3a758ab07f8edde013712bc8d22032a86b264f"},
    {file = "pycryptodome-3.15.0-pp27-pypy_73-manylinux1_x86_64.whl", hash = "sha256:ff287bcba9fbeb4f1cccc1f2e90a08d691480735a611ee83c80a7d74ad72b9d9"},
    {file = "pycryptodome-3.15.0-pp27-pypy_73-manylinux2010_x86_64.whl", hash = "sha256:60b4faae330c3624cc5a546ba9cfd7b8273995a15de94ee4538130d74953ec2e"},
    {file = "pycryptodome-3.15.0-pp27-pypy_73-win32.whl", hash = "sha256:a8f06611e691c2ce45ca09bbf983e2ff2f8f4f87313609d80c125aff9fad6e7f"},
    {file = "pycryptodome-3.15.0-pp36-pypy36_pp73-macosx_10_9_x86_64.whl", hash = "sha256:b9cc96e274b253e47ad33ae1fccc36ea386f5251a823ccb50593a935db47fdd2"},
    {file = "pycryptodome-3.15.0-pp36-pypy36_pp73-manylinux1_x86_64.whl", hash = "sha256:ecaaef2d21b365d9c5ca8427ffc10cebed9d9102749fd502218c23cb9a05feb5"},
    {file = "pycryptodome-3.15.0-pp36-pypy36_pp73-manylinux2010_x86_64.whl", hash = "sha256:d2a39a66057ab191e5c27211a7daf8f0737f23acbf6b3562b25a62df65ffcb7b"},
    {file = "pycryptodome-3.15.0-pp36-pypy36_pp73-win32.whl", hash = "sha256:9c772c485b27967514d0df1458b56875f4b6d025566bf27399d0c239ff1b369f"},
    {file = "pycryptodome-3.15.0.tar.gz", hash = "sha256:9135dddad504592bcc18b0d2d95ce86c3a5ea87ec6447ef25cfedea12d6018b8"},
]
pydantic = []
pyee = []
pyflakes = []
python-dateutil = []
pyyaml = []
qrcode = []
rfc3986 = []
rsa = [
    {file = "rsa-4.9-py3-none-any.whl", hash = "sha256:90260d9058e514786967344d0ef75fa8727eed8a7d2e43ce9f4bcf1b536174f7"},
    {file = "rsa-4.9.tar.gz", hash = "sha256:e38464a49c6c85d7f1351b0126661487a7e0a14a50f1675ec50eb34d4f20ef21"},
]
six = []
sniffio = []
statv = []
tomli = []
typing-extensions = [
    {file = "typing_extensions-4.3.0-py3-none-any.whl", hash = "sha256:25642c956049920a5aa49edcdd6ab1e06d7e5d467fc00e0506c44ac86fbfca02"},
    {file = "typing_extensions-4.3.0.tar.gz", hash = "sha256:e6d2677a32f47fc7eb2795db1dd15c1f34eff616bcaf2cfb5e997f854fa1c4a6"},
]
wcwidth = []
websockets = []
win32-setctime = []
yarl = []
